dependencies:
  espressif/cbor:
    component_hash: 440f4ee4504841cc9b4f3a8ef755776a612ac9dace355514c68b999868f990ff
    dependencies:
    - name: idf
      require: private
      version: '>=4.3'
    source:
      registry_url: https://components.espressif.com/
      type: service
    version: 0.6.0~1
  espressif/esp_secure_cert_mgr:
    component_hash: 5d9175b416f751ba6a7cb35bdf092f0af85658ce06c4a592c7c541d8017ebeb9
    dependencies:
    - name: idf
      require: private
      version: '>=4.3'
    source:
      registry_url: https://components.espressif.com/
      type: service
    version: 2.5.0
  idf:
    source:
      type: idf
    version: 5.3.2
direct_dependencies:
- espressif/cbor
- espressif/esp_secure_cert_mgr
manifest_hash: 6f53aed3fabdc15c688bc099321cf4721d27ec7d18ca411185b57a6ecadc8d8b
target: esp32
version: 2.0.0
